
Microsoft Visual Studio Solution File, Format Version 12.00
# Visual Studio Version 17
VisualStudioVersion = 17.0.32126.317
MinimumVisualStudioVersion = 10.0.40219.1
Project("{FAE04EC0-301F-11D3-BF4B-00C04F79EFBC}") = "EIP", "EIP\EIP.csproj", "{68E703A2-CA73-420B-A0BB-D4F7C9665C63}"
EndProject
Global
	GlobalSection(SolutionConfigurationPlatforms) = preSolution
		Debug|Any CPU = Debug|Any CPU
		Release|Any CPU = Release|Any CPU
	EndGlobalSection
	GlobalSection(ProjectConfigurationPlatforms) = postSolution
		{68E703A2-CA73-420B-A0BB-D4F7C9665C63}.Debug|Any CPU.ActiveCfg = Debug|Any CPU
		{68E703A2-CA73-420B-A0BB-D4F7C9665C63}.Debug|Any CPU.Build.0 = Debug|Any CPU
		{68E703A2-CA73-420B-A0BB-D4F7C9665C63}.Release|Any CPU.ActiveCfg = Release|Any CPU
		{68E703A2-CA73-420B-A0BB-D4F7C9665C63}.Release|Any CPU.Build.0 = Release|Any CPU
	EndGlobalSection
	GlobalSection(SolutionProperties) = preSolution
		HideSolutionNode = FALSE
	EndGlobalSection
	GlobalSection(ExtensibilityGlobals) = postSolution
		SolutionGuid = {1F015089-D278-457D-A3C8-0CB83BAF201F}
	EndGlobalSection
EndGlobal
